
Microsoft Visual Studio Solution File, Format Version 12.00
# Visual Studio Version 17
VisualStudioVersion = 17.1.32407.343
MinimumVisualStudioVersion = 10.0.40219.1
Project("{FAE04EC0-301F-11D3-BF4B-00C04F79EFBC}") = "Extender.Android", "Extender\Extender.Android\Extender.Android.csproj", "{DD1E49C7-542E-4F2A-8AC6-02F5971F51DD}"
EndProject
Project("{9A19103F-16F7-4668-BE54-9A1E7A4F7556}") = "Extender", "Extender\Extender\Extender.csproj", "{63DC9939-8AAB-45A5-A2E1-BF98A9D31EA9}"
EndProject
Global
	GlobalSection(SolutionConfigurationPlatforms) = preSolution
		Debug|Any CPU = Debug|Any CPU
		Release|Any CPU = Release|Any CPU
	EndGlobalSection
	GlobalSection(ProjectConfigurationPlatforms) = postSolution
		{DD1E49C7-542E-4F2A-8AC6-02F5971F51DD}.Debug|Any CPU.ActiveCfg = Debug|Any CPU
		{DD1E49C7-542E-4F2A-8AC6-02F5971F51DD}.Debug|Any CPU.Build.0 = Debug|Any CPU
		{DD1E49C7-542E-4F2A-8AC6-02F5971F51DD}.Debug|Any CPU.Deploy.0 = Debug|Any CPU
		{DD1E49C7-542E-4F2A-8AC6-02F5971F51DD}.Release|Any CPU.ActiveCfg = Release|Any CPU
		{DD1E49C7-542E-4F2A-8AC6-02F5971F51DD}.Release|Any CPU.Build.0 = Release|Any CPU
		{DD1E49C7-542E-4F2A-8AC6-02F5971F51DD}.Release|Any CPU.Deploy.0 = Release|Any CPU
		{63DC9939-8AAB-45A5-A2E1-BF98A9D31EA9}.Debug|Any CPU.ActiveCfg = Debug|Any CPU
		{63DC9939-8AAB-45A5-A2E1-BF98A9D31EA9}.Debug|Any CPU.Build.0 = Debug|Any CPU
		{63DC9939-8AAB-45A5-A2E1-BF98A9D31EA9}.Debug|Any CPU.Deploy.0 = Debug|Any CPU
		{63DC9939-8AAB-45A5-A2E1-BF98A9D31EA9}.Release|Any CPU.ActiveCfg = Release|Any CPU
		{63DC9939-8AAB-45A5-A2E1-BF98A9D31EA9}.Release|Any CPU.Build.0 = Release|Any CPU
		{63DC9939-8AAB-45A5-A2E1-BF98A9D31EA9}.Release|Any CPU.Deploy.0 = Release|Any CPU
	EndGlobalSection
	GlobalSection(SolutionProperties) = preSolution
		HideSolutionNode = FALSE
	EndGlobalSection
	GlobalSection(ExtensibilityGlobals) = postSolution
		SolutionGuid = {79E8B2A4-FE35-424E-90BD-4884ECDC0A81}
	EndGlobalSection
EndGlobal
